// !$*UTF8*$!
{
	archiveVersion = 1;
	classes = {
	};
	objectVersion = 77;
	objects = {

/* Begin PBXBuildFile section */
		0992EC0C4D372033169C0DC0 /* Assets.xcassets in Resources */ = {isa = PBXBuildFile; fileRef = 9FF83CE33CB7A0E28389C37D /* Assets.xcassets */; };
		18C3D55758C6122E4085DF39 /* PetDialogBubble.swift in Sources */ = {isa = PBXBuildFile; fileRef = 3C2BFC14CCAF7532E68BBDD7 /* PetDialogBubble.swift */; };
		22CBDC4EB6809B5A366FB60D /* GlassCard.swift in Sources */ = {isa = PBXBuildFile; fileRef = 53E28F0AB250580F3E05E983 /* GlassCard.swift */; };
		278B554DC32394CB2B0750F7 /* HomeView.swift in Sources */ = {isa = PBXBuildFile; fileRef = A05E483DF79841DEF90A3401 /* HomeView.swift */; };
		3D0D3B97A1975A65DC530F9E /* TaskCardView.swift in Sources */ = {isa = PBXBuildFile; fileRef = F3E3D1DC96D3C29AA586D80F /* TaskCardView.swift */; };
		4D072FF8BC6933EC03C4D8E8 /* Theme.swift in Sources */ = {isa = PBXBuildFile; fileRef = 3F06399ADD9C53487ACBCABD /* Theme.swift */; };
		5F4C7CF2DCEE8AD93E1E4ADD /* DebugMenu.swift in Sources */ = {isa = PBXBuildFile; fileRef = 22F53D32FEC4A3C622E1C53B /* DebugMenu.swift */; };
		649DB12567AD220EC989054F /* PetCharacterView.swift in Sources */ = {isa = PBXBuildFile; fileRef = 0EBB6155332B1EC1FA18D3E1 /* PetCharacterView.swift */; };
		7015C8CACC8C361142FA2157 /* TaskLibrary.swift in Sources */ = {isa = PBXBuildFile; fileRef = 7CDED5394A7A2114F294DE3C /* TaskLibrary.swift */; };
		7E68CAEAE4FF824DFF139EA3 /* OnboardingView.swift in Sources */ = {isa = PBXBuildFile; fileRef = 2EC050D97E951F07A8FE7CA3 /* OnboardingView.swift */; };
		85953A7AAB011D6AC9C9CE13 /* GameViewModel.swift in Sources */ = {isa = PBXBuildFile; fileRef = B829DCC2EB10A036EF2979B4 /* GameViewModel.swift */; };
		86B9F357F19EEB2C5269DD6D /* Pet.swift in Sources */ = {isa = PBXBuildFile; fileRef = BFFE7F679D778F73F0AC9438 /* Pet.swift */; };
		C9E1A57E75874186D72304CE /* PossibleForestApp.swift in Sources */ = {isa = PBXBuildFile; fileRef = 59A71374D84D08E5D3804FDF /* PossibleForestApp.swift */; };
		DD49961F2480AA039484B70C /* TaskNode.swift in Sources */ = {isa = PBXBuildFile; fileRef = 889BE30068F585CC0A9D8271 /* TaskNode.swift */; };
/* End PBXBuildFile section */

/* Begin PBXFileReference section */
		0EBB6155332B1EC1FA18D3E1 /* PetCharacterView.swift */ = {isa = PBXFileReference; lastKnownFileType = sourcecode.swift; path = PetCharacterView.swift; sourceTree = "<group>"; };
		22F53D32FEC4A3C622E1C53B /* DebugMenu.swift */ = {isa = PBXFileReference; lastKnownFileType = sourcecode.swift; path = DebugMenu.swift; sourceTree = "<group>"; };
		2EC050D97E951F07A8FE7CA3 /* OnboardingView.swift */ = {isa = PBXFileReference; lastKnownFileType = sourcecode.swift; path = OnboardingView.swift; sourceTree = "<group>"; };
		3C2BFC14CCAF7532E68BBDD7 /* PetDialogBubble.swift */ = {isa = PBXFileReference; lastKnownFileType = sourcecode.swift; path = PetDialogBubble.swift; sourceTree = "<group>"; };
		3F06399ADD9C53487ACBCABD /* Theme.swift */ = {isa = PBXFileReference; lastKnownFileType = sourcecode.swift; path = Theme.swift; sourceTree = "<group>"; };
		53E28F0AB250580F3E05E983 /* GlassCard.swift */ = {isa = PBXFileReference; lastKnownFileType = sourcecode.swift; path = GlassCard.swift; sourceTree = "<group>"; };
		59A71374D84D08E5D3804FDF /* PossibleForestApp.swift */ = {isa = PBXFileReference; lastKnownFileType = sourcecode.swift; path = PossibleForestApp.swift; sourceTree = "<group>"; };
		7CDED5394A7A2114F294DE3C /* TaskLibrary.swift */ = {isa = PBXFileReference; lastKnownFileType = sourcecode.swift; path = TaskLibrary.swift; sourceTree = "<group>"; };
		889BE30068F585CC0A9D8271 /* TaskNode.swift */ = {isa = PBXFileReference; lastKnownFileType = sourcecode.swift; path = TaskNode.swift; sourceTree = "<group>"; };
		9FF83CE33CB7A0E28389C37D /* Assets.xcassets */ = {isa = PBXFileReference; lastKnownFileType = folder.assetcatalog; path = Assets.xcassets; sourceTree = "<group>"; };
		A05E483DF79841DEF90A3401 /* HomeView.swift */ = {isa = PBXFileReference; lastKnownFileType = sourcecode.swift; path = HomeView.swift; sourceTree = "<group>"; };
		AA523F08E629AD8E5B1D22F6 /* PossibleForest.app */ = {isa = PBXFileReference; includeInIndex = 0; lastKnownFileType = wrapper.application; path = PossibleForest.app; sourceTree = BUILT_PRODUCTS_DIR; };
		B829DCC2EB10A036EF2979B4 /* GameViewModel.swift */ = {isa = PBXFileReference; lastKnownFileType = sourcecode.swift; path = GameViewModel.swift; sourceTree = "<group>"; };
		BFFE7F679D778F73F0AC9438 /* Pet.swift */ = {isa = PBXFileReference; lastKnownFileType = sourcecode.swift; path = Pet.swift; sourceTree = "<group>"; };
		F3E3D1DC96D3C29AA586D80F /* TaskCardView.swift */ = {isa = PBXFileReference; lastKnownFileType = sourcecode.swift; path = TaskCardView.swift; sourceTree = "<group>"; };
/* End PBXFileReference section */

/* Begin PBXGroup section */
		1AD1E913E28ED089894AD151 /* PossibleForest */ = {
			isa = PBXGroup;
			children = (
				9FF83CE33CB7A0E28389C37D /* Assets.xcassets */,
				59A71374D84D08E5D3804FDF /* PossibleForestApp.swift */,
				6D54BD0576A57DBA0BD63699 /* DesignSystem */,
				DAEE58F8EFD11D0F479CE6E8 /* Models */,
				FBAA1B03597B31E6BE7B3777 /* ViewModels */,
				FAB66011B3915EFE34BF68C7 /* Views */,
			);
			path = PossibleForest;
			sourceTree = "<group>";
		};
		6D54BD0576A57DBA0BD63699 /* DesignSystem */ = {
			isa = PBXGroup;
			children = (
				53E28F0AB250580F3E05E983 /* GlassCard.swift */,
				3F06399ADD9C53487ACBCABD /* Theme.swift */,
			);
			path = DesignSystem;
			sourceTree = "<group>";
		};
		8E64A2F12D1EDA83CDE33964 /* Products */ = {
			isa = PBXGroup;
			children = (
				AA523F08E629AD8E5B1D22F6 /* PossibleForest.app */,
			);
			name = Products;
			sourceTree = "<group>";
		};
		DAEE58F8EFD11D0F479CE6E8 /* Models */ = {
			isa = PBXGroup;
			children = (
				BFFE7F679D778F73F0AC9438 /* Pet.swift */,
				7CDED5394A7A2114F294DE3C /* TaskLibrary.swift */,
				889BE30068F585CC0A9D8271 /* TaskNode.swift */,
			);
			path = Models;
			sourceTree = "<group>";
		};
		ED7C02E0797FF3E7BA208277 = {
			isa = PBXGroup;
			children = (
				1AD1E913E28ED089894AD151 /* PossibleForest */,
				8E64A2F12D1EDA83CDE33964 /* Products */,
			);
			sourceTree = "<group>";
		};
		FAB66011B3915EFE34BF68C7 /* Views */ = {
			isa = PBXGroup;
			children = (
				22F53D32FEC4A3C622E1C53B /* DebugMenu.swift */,
				A05E483DF79841DEF90A3401 /* HomeView.swift */,
				2EC050D97E951F07A8FE7CA3 /* OnboardingView.swift */,
				0EBB6155332B1EC1FA18D3E1 /* PetCharacterView.swift */,
				3C2BFC14CCAF7532E68BBDD7 /* PetDialogBubble.swift */,
				F3E3D1DC96D3C29AA586D80F /* TaskCardView.swift */,
			);
			path = Views;
			sourceTree = "<group>";
		};
		FBAA1B03597B31E6BE7B3777 /* ViewModels */ = {
			isa = PBXGroup;
			children = (
				B829DCC2EB10A036EF2979B4 /* GameViewModel.swift */,
			);
			path = ViewModels;
			sourceTree = "<group>";
		};
/* End PBXGroup section */

/* Begin PBXNativeTarget section */
		504E47047904FC1534DED3E9 /* PossibleForest */ = {
			isa = PBXNativeTarget;
			buildConfigurationList = 153188919BCB59E8D81BCB1F /* Build configuration list for PBXNativeTarget "PossibleForest" */;
			buildPhases = (
				C5B68737069E1D7793779A60 /* Sources */,
				4BDDAEEFAE9435B2879F62EE /* Resources */,
			);
			buildRules = (
			);
			dependencies = (
			);
			name = PossibleForest;
			packageProductDependencies = (
			);
			productName = PossibleForest;
			productReference = AA523F08E629AD8E5B1D22F6 /* PossibleForest.app */;
			productType = "com.apple.product-type.application";
		};
/* End PBXNativeTarget section */

/* Begin PBXProject section */
		9F841AF29855921915F54E5D /* Project object */ = {
			isa = PBXProject;
			attributes = {
				BuildIndependentTargetsInParallel = YES;
				LastUpgradeCheck = 1430;
				TargetAttributes = {
				};
			};
			buildConfigurationList = B1491A0DD9B3CF67ED7F6856 /* Build configuration list for PBXProject "PossibleForest" */;
			developmentRegion = "zh-Hans";
			hasScannedForEncodings = 0;
			knownRegions = (
				Base,
				"zh-Hans",
			);
			mainGroup = ED7C02E0797FF3E7BA208277;
			minimizedProjectReferenceProxies = 1;
			preferredProjectObjectVersion = 77;
			productRefGroup = 8E64A2F12D1EDA83CDE33964 /* Products */;
			projectDirPath = "";
			projectRoot = "";
			targets = (
				504E47047904FC1534DED3E9 /* PossibleForest */,
			);
		};
/* End PBXProject section */

/* Begin PBXResourcesBuildPhase section */
		4BDDAEEFAE9435B2879F62EE /* Resources */ = {
			isa = PBXResourcesBuildPhase;
			buildActionMask = 2147483647;
			files = (
				0992EC0C4D372033169C0DC0 /* Assets.xcassets in Resources */,
			);
			runOnlyForDeploymentPostprocessing = 0;
		};
/* End PBXResourcesBuildPhase section */

/* Begin PBXSourcesBuildPhase section */
		C5B68737069E1D7793779A60 /* Sources */ = {
			isa = PBXSourcesBuildPhase;
			buildActionMask = 2147483647;
			files = (
				5F4C7CF2DCEE8AD93E1E4ADD /* DebugMenu.swift in Sources */,
				85953A7AAB011D6AC9C9CE13 /* GameViewModel.swift in Sources */,
				22CBDC4EB6809B5A366FB60D /* GlassCard.swift in Sources */,
				278B554DC32394CB2B0750F7 /* HomeView.swift in Sources */,
				7E68CAEAE4FF824DFF139EA3 /* OnboardingView.swift in Sources */,
				86B9F357F19EEB2C5269DD6D /* Pet.swift in Sources */,
				649DB12567AD220EC989054F /* PetCharacterView.swift in Sources */,
				18C3D55758C6122E4085DF39 /* PetDialogBubble.swift in Sources */,
				C9E1A57E75874186D72304CE /* PossibleForestApp.swift in Sources */,
				3D0D3B97A1975A65DC530F9E /* TaskCardView.swift in Sources */,
				7015C8CACC8C361142FA2157 /* TaskLibrary.swift in Sources */,
				DD49961F2480AA039484B70C /* TaskNode.swift in Sources */,
				4D072FF8BC6933EC03C4D8E8 /* Theme.swift in Sources */,
			);
			runOnlyForDeploymentPostprocessing = 0;
		};
/* End PBXSourcesBuildPhase section */

/* Begin XCBuildConfiguration section */
		5FEAEA48ED4D78ED908BA2EB /* Debug */ = {
			isa = XCBuildConfiguration;
			buildSettings = {
				ASSETCATALOG_COMPILER_APPICON_NAME = AppIcon;
				ASSETCATALOG_COMPILER_GLOBAL_ACCENT_COLOR_NAME = AccentColor;
				CODE_SIGN_IDENTITY = "iPhone Developer";
				LD_RUNPATH_SEARCH_PATHS = (
					"$(inherited)",
					"@executable_path/Frameworks",
				);
				PRODUCT_BUNDLE_IDENTIFIER = com.possibleforest.app;
				SDKROOT = iphoneos;
				TARGETED_DEVICE_FAMILY = "1,2";
			};
			name = Debug;
		};
		776A122107DEA4A00441A27E /* Debug */ = {
			isa = XCBuildConfiguration;
			buildSettings = {
				ALWAYS_SEARCH_USER_PATHS = NO;
				CLANG_ANALYZER_NONNULL = YES;
				CLANG_ANALYZER_NUMBER_OBJECT_CONVERSION = YES_AGGRESSIVE;
				CLANG_CXX_LANGUAGE_STANDARD = "gnu++14";
				CLANG_CXX_LIBRARY = "libc++";
				CLANG_ENABLE_MODULES = YES;
				CLANG_ENABLE_OBJC_ARC = YES;
				CLANG_ENABLE_OBJC_WEAK = YES;
				CLANG_WARN_BLOCK_CAPTURE_AUTORELEASING = YES;
				CLANG_WARN_BOOL_CONVERSION = YES;
				CLANG_WARN_COMMA = YES;
				CLANG_WARN_CONSTANT_CONVERSION = YES;
				CLANG_WARN_DEPRECATED_OBJC_IMPLEMENTATIONS = YES;
				CLANG_WARN_DIRECT_OBJC_ISA_USAGE = YES_ERROR;
				CLANG_WARN_DOCUMENTATION_COMMENTS = YES;
				CLANG_WARN_EMPTY_BODY = YES;
				CLANG_WARN_ENUM_CONVERSION = YES;
				CLANG_WARN_INFINITE_RECURSION = YES;
				CLANG_WARN_INT_CONVERSION = YES;
				CLANG_WARN_NON_LITERAL_NULL_CONVERSION = YES;
				CLANG_WARN_OBJC_IMPLICIT_RETAIN_SELF = YES;
				CLANG_WARN_OBJC_LITERAL_CONVERSION = YES;
				CLANG_WARN_OBJC_ROOT_CLASS = YES_ERROR;
				CLANG_WARN_QUOTED_INCLUDE_IN_FRAMEWORK_HEADER = YES;
				CLANG_WARN_RANGE_LOOP_ANALYSIS = YES;
				CLANG_WARN_STRICT_PROTOTYPES = YES;
				CLANG_WARN_SUSPICIOUS_MOVE = YES;
				CLANG_WARN_UNGUARDED_AVAILABILITY = YES_AGGRESSIVE;
				CLANG_WARN_UNREACHABLE_CODE = YES;
				CLANG_WARN__DUPLICATE_METHOD_MATCH = YES;
				COPY_PHASE_STRIP = NO;
				CURRENT_PROJECT_VERSION = 1;
				DEBUG_INFORMATION_FORMAT = dwarf;
				ENABLE_STRICT_OBJC_MSGSEND = YES;
				ENABLE_TESTABILITY = YES;
				ENABLE_USER_SCRIPT_SANDBOXING = NO;
				GCC_C_LANGUAGE_STANDARD = gnu11;
				GCC_DYNAMIC_NO_PIC = NO;
				GCC_NO_COMMON_BLOCKS = YES;
				GCC_OPTIMIZATION_LEVEL = 0;
				GCC_PREPROCESSOR_DEFINITIONS = (
					"$(inherited)",
					"DEBUG=1",
				);
				GCC_WARN_64_TO_32_BIT_CONVERSION = YES;
				GCC_WARN_ABOUT_RETURN_TYPE = YES_ERROR;
				GCC_WARN_UNDECLARED_SELECTOR = YES;
				GCC_WARN_UNINITIALIZED_AUTOS = YES_AGGRESSIVE;
				GCC_WARN_UNUSED_FUNCTION = YES;
				GCC_WARN_UNUSED_VARIABLE = YES;
				GENERATE_INFOPLIST_FILE = YES;
				INFOPLIST_KEY_CFBundleDisplayName = "可能森林";
				INFOPLIST_KEY_UIApplicationSceneManifest_Generation = YES;
				INFOPLIST_KEY_UILaunchScreen_Generation = YES;
				INFOPLIST_KEY_UIRequiresFullScreen = NO;
				INFOPLIST_KEY_UISupportedInterfaceOrientations = "UIInterfaceOrientationPortrait UIInterfaceOrientationLandscapeLeft UIInterfaceOrientationLandscapeRight";
				IPHONEOS_DEPLOYMENT_TARGET = 26.0;
				MARKETING_VERSION = 1.0;
				MTL_ENABLE_DEBUG_INFO = INCLUDE_SOURCE;
				MTL_FAST_MATH = YES;
				ONLY_ACTIVE_ARCH = YES;
				PRODUCT_NAME = "$(TARGET_NAME)";
				SDKROOT = iphoneos;
				SWIFT_ACTIVE_COMPILATION_CONDITIONS = DEBUG;
				SWIFT_OPTIMIZATION_LEVEL = "-Onone";
				SWIFT_VERSION = 6.0;
			};
			name = Debug;
		};
		A1EC8D22927757E8BFD7BA94 /* Release */ = {
			isa = XCBuildConfiguration;
			buildSettings = {
				ALWAYS_SEARCH_USER_PATHS = NO;
				CLANG_ANALYZER_NONNULL = YES;
				CLANG_ANALYZER_NUMBER_OBJECT_CONVERSION = YES_AGGRESSIVE;
				CLANG_CXX_LANGUAGE_STANDARD = "gnu++14";
				CLANG_CXX_LIBRARY = "libc++";
				CLANG_ENABLE_MODULES = YES;
				CLANG_ENABLE_OBJC_ARC = YES;
				CLANG_ENABLE_OBJC_WEAK = YES;
				CLANG_WARN_BLOCK_CAPTURE_AUTORELEASING = YES;
				CLANG_WARN_BOOL_CONVERSION = YES;
				CLANG_WARN_COMMA = YES;
				CLANG_WARN_CONSTANT_CONVERSION = YES;
				CLANG_WARN_DEPRECATED_OBJC_IMPLEMENTATIONS = YES;
				CLANG_WARN_DIRECT_OBJC_ISA_USAGE = YES_ERROR;
				CLANG_WARN_DOCUMENTATION_COMMENTS = YES;
				CLANG_WARN_EMPTY_BODY = YES;
				CLANG_WARN_ENUM_CONVERSION = YES;
				CLANG_WARN_INFINITE_RECURSION = YES;
				CLANG_WARN_INT_CONVERSION = YES;
				CLANG_WARN_NON_LITERAL_NULL_CONVERSION = YES;
				CLANG_WARN_OBJC_IMPLICIT_RETAIN_SELF = YES;
				CLANG_WARN_OBJC_LITERAL_CONVERSION = YES;
				CLANG_WARN_OBJC_ROOT_CLASS = YES_ERROR;
				CLANG_WARN_QUOTED_INCLUDE_IN_FRAMEWORK_HEADER = YES;
				CLANG_WARN_RANGE_LOOP_ANALYSIS = YES;
				CLANG_WARN_STRICT_PROTOTYPES = YES;
				CLANG_WARN_SUSPICIOUS_MOVE = YES;
				CLANG_WARN_UNGUARDED_AVAILABILITY = YES_AGGRESSIVE;
				CLANG_WARN_UNREACHABLE_CODE = YES;
				CLANG_WARN__DUPLICATE_METHOD_MATCH = YES;
				COPY_PHASE_STRIP = NO;
				CURRENT_PROJECT_VERSION = 1;
				DEBUG_INFORMATION_FORMAT = "dwarf-with-dsym";
				ENABLE_NS_ASSERTIONS = NO;
				ENABLE_STRICT_OBJC_MSGSEND = YES;
				ENABLE_USER_SCRIPT_SANDBOXING = NO;
				GCC_C_LANGUAGE_STANDARD = gnu11;
				GCC_NO_COMMON_BLOCKS = YES;
				GCC_WARN_64_TO_32_BIT_CONVERSION = YES;
				GCC_WARN_ABOUT_RETURN_TYPE = YES_ERROR;
				GCC_WARN_UNDECLARED_SELECTOR = YES;
				GCC_WARN_UNINITIALIZED_AUTOS = YES_AGGRESSIVE;
				GCC_WARN_UNUSED_FUNCTION = YES;
				GCC_WARN_UNUSED_VARIABLE = YES;
				GENERATE_INFOPLIST_FILE = YES;
				INFOPLIST_KEY_CFBundleDisplayName = "可能森林";
				INFOPLIST_KEY_UIApplicationSceneManifest_Generation = YES;
				INFOPLIST_KEY_UILaunchScreen_Generation = YES;
				INFOPLIST_KEY_UIRequiresFullScreen = NO;
				INFOPLIST_KEY_UISupportedInterfaceOrientations = "UIInterfaceOrientationPortrait UIInterfaceOrientationLandscapeLeft UIInterfaceOrientationLandscapeRight";
				IPHONEOS_DEPLOYMENT_TARGET = 26.0;
				MARKETING_VERSION = 1.0;
				MTL_ENABLE_DEBUG_INFO = NO;
				MTL_FAST_MATH = YES;
				PRODUCT_NAME = "$(TARGET_NAME)";
				SDKROOT = iphoneos;
				SWIFT_COMPILATION_MODE = wholemodule;
				SWIFT_OPTIMIZATION_LEVEL = "-O";
				SWIFT_VERSION = 6.0;
			};
			name = Release;
		};
		EF76B3446064CFEB41266319 /* Release */ = {
			isa = XCBuildConfiguration;
			buildSettings = {
				ASSETCATALOG_COMPILER_APPICON_NAME = AppIcon;
				ASSETCATALOG_COMPILER_GLOBAL_ACCENT_COLOR_NAME = AccentColor;
				CODE_SIGN_IDENTITY = "iPhone Developer";
				LD_RUNPATH_SEARCH_PATHS = (
					"$(inherited)",
					"@executable_path/Frameworks",
				);
				PRODUCT_BUNDLE_IDENTIFIER = com.possibleforest.app;
				SDKROOT = iphoneos;
				TARGETED_DEVICE_FAMILY = "1,2";
			};
			name = Release;
		};
/* End XCBuildConfiguration section */

/* Begin XCConfigurationList section */
		153188919BCB59E8D81BCB1F /* Build configuration list for PBXNativeTarget "PossibleForest" */ = {
			isa = XCConfigurationList;
			buildConfigurations = (
				5FEAEA48ED4D78ED908BA2EB /* Debug */,
				EF76B3446064CFEB41266319 /* Release */,
			);
			defaultConfigurationIsVisible = 0;
			defaultConfigurationName = Debug;
		};
		B1491A0DD9B3CF67ED7F6856 /* Build configuration list for PBXProject "PossibleForest" */ = {
			isa = XCConfigurationList;
			buildConfigurations = (
				776A122107DEA4A00441A27E /* Debug */,
				A1EC8D22927757E8BFD7BA94 /* Release */,
			);
			defaultConfigurationIsVisible = 0;
			defaultConfigurationName = Debug;
		};
/* End XCConfigurationList section */
	};
	rootObject = 9F841AF29855921915F54E5D /* Project object */;
}
